// !$*UTF8*$!
{
	archiveVersion = 1;
	classes = {
	};
	objectVersion = 46;
	objects = {

/* Begin PBXBuildFile section */
		3D08DA591A8580270064C60E /* AppDelegate.swift in Sources */ = {isa = PBXBuildFile; fileRef = 3D08DA581A8580270064C60E /* AppDelegate.swift */; };
		3D08DA5C1A8580270064C60E /* Yappe.xcdatamodeld in Sources */ = {isa = PBXBuildFile; fileRef = 3D08DA5A1A8580270064C60E /* Yappe.xcdatamodeld */; };
		3D08DA5E1A8580270064C60E /* ViewController.swift in Sources */ = {isa = PBXBuildFile; fileRef = 3D08DA5D1A8580270064C60E /* ViewController.swift */; };
		3D08DA611A8580270064C60E /* Main.storyboard in Resources */ = {isa = PBXBuildFile; fileRef = 3D08DA5F1A8580270064C60E /* Main.storyboard */; };
		3D08DA631A8580270064C60E /* Images.xcassets in Resources */ = {isa = PBXBuildFile; fileRef = 3D08DA621A8580270064C60E /* Images.xcassets */; };
		3D08DA661A8580270064C60E /* LaunchScreen.xib in Resources */ = {isa = PBXBuildFile; fileRef = 3D08DA641A8580270064C60E /* LaunchScreen.xib */; };
		3D08DA721A8580270064C60E /* YappeTests.swift in Sources */ = {isa = PBXBuildFile; fileRef = 3D08DA711A8580270064C60E /* YappeTests.swift */; };
		3D08DA861A858D290064C60E /* ScannerController.swift in Sources */ = {isa = PBXBuildFile; fileRef = 3D08DA851A858D290064C60E /* ScannerController.swift */; };
		3D08DA951A85AB450064C60E /* RSBarcodes.framework in CopyFiles */ = {isa = PBXBuildFile; fileRef = 3D08DA8D1A85A9C00064C60E /* RSBarcodes.framework */; settings = {ATTRIBUTES = (CodeSignOnCopy, RemoveHeadersOnCopy, ); }; };
/* End PBXBuildFile section */

/* Begin PBXContainerItemProxy section */
		3D08DA6C1A8580270064C60E /* PBXContainerItemProxy */ = {
			isa = PBXContainerItemProxy;
			containerPortal = 3D08DA4B1A8580270064C60E /* Project object */;
			proxyType = 1;
			remoteGlobalIDString = 3D08DA521A8580270064C60E;
			remoteInfo = Yappe;
		};
		3D08DA8C1A85A9C00064C60E /* PBXContainerItemProxy */ = {
			isa = PBXContainerItemProxy;
			containerPortal = 3D08DA881A85A9C00064C60E /* RSBarcodes.xcodeproj */;
			proxyType = 2;
			remoteGlobalIDString = D08336371A202E81004EE128;
			remoteInfo = RSBarcodes;
		};
		3D08DA911A85AAB60064C60E /* PBXContainerItemProxy */ = {
			isa = PBXContainerItemProxy;
			containerPortal = 3D08DA881A85A9C00064C60E /* RSBarcodes.xcodeproj */;
			proxyType = 1;
			remoteGlobalIDString = D08336361A202E81004EE128;
			remoteInfo = RSBarcodes;
		};
/* End PBXContainerItemProxy section */

/* Begin PBXCopyFilesBuildPhase section */
		3D08DA941A85AB370064C60E /* CopyFiles */ = {
			isa = PBXCopyFilesBuildPhase;
			buildActionMask = 2147483647;
			dstPath = "";
			dstSubfolderSpec = 10;
			files = (
				3D08DA951A85AB450064C60E /* RSBarcodes.framework in CopyFiles */,
			);
			runOnlyForDeploymentPostprocessing = 0;
		};
/* End PBXCopyFilesBuildPhase section */

/* Begin PBXFileReference section */
		3D08DA531A8580270064C60E /* Yappe.app */ = {isa = PBXFileReference; explicitFileType = wrapper.application; includeInIndex = 0; path = Yappe.app; sourceTree = BUILT_PRODUCTS_DIR; };
		3D08DA571A8580270064C60E /* Info.plist */ = {isa = PBXFileReference; lastKnownFileType = text.plist.xml; path = Info.plist; sourceTree = "<group>"; };
		3D08DA581A8580270064C60E /* AppDelegate.swift */ = {isa = PBXFileReference; lastKnownFileType = sourcecode.swift; path = AppDelegate.swift; sourceTree = "<group>"; };
		3D08DA5B1A8580270064C60E /* Yappe.xcdatamodel */ = {isa = PBXFileReference; lastKnownFileType = wrapper.xcdatamodel; path = Yappe.xcdatamodel; sourceTree = "<group>"; };
		3D08DA5D1A8580270064C60E /* ViewController.swift */ = {isa = PBXFileReference; lastKnownFileType = sourcecode.swift; path = ViewController.swift; sourceTree = "<group>"; };
		3D08DA601A8580270064C60E /* Base */ = {isa = PBXFileReference; lastKnownFileType = file.storyboard; name = Base; path = Base.lproj/Main.storyboard; sourceTree = "<group>"; };
		3D08DA621A8580270064C60E /* Images.xcassets */ = {isa = PBXFileReference; lastKnownFileType = folder.assetcatalog; path = Images.xcassets; sourceTree = "<group>"; };
		3D08DA651A8580270064C60E /* Base */ = {isa = PBXFileReference; lastKnownFileType = file.xib; name = Base; path = Base.lproj/LaunchScreen.xib; sourceTree = "<group>"; };
		3D08DA6B1A8580270064C60E /* YappeTests.xctest */ = {isa = PBXFileReference; explicitFileType = wrapper.cfbundle; includeInIndex = 0; path = YappeTests.xctest; sourceTree = BUILT_PRODUCTS_DIR; };
		3D08DA701A8580270064C60E /* Info.plist */ = {isa = PBXFileReference; lastKnownFileType = text.plist.xml; path = Info.plist; sourceTree = "<group>"; };
		3D08DA711A8580270064C60E /* YappeTests.swift */ = {isa = PBXFileReference; lastKnownFileType = sourcecode.swift; path = YappeTests.swift; sourceTree = "<group>"; };
		3D08DA851A858D290064C60E /* ScannerController.swift */ = {isa = PBXFileReference; fileEncoding = 4; lastKnownFileType = sourcecode.swift; path = ScannerController.swift; sourceTree = "<group>"; };
		3D08DA881A85A9C00064C60E /* RSBarcodes.xcodeproj */ = {isa = PBXFileReference; lastKnownFileType = "wrapper.pb-project"; name = RSBarcodes.xcodeproj; path = ../RSBarcodes_Swift/RSBarcodes.xcodeproj; sourceTree = "<group>"; };
/* End PBXFileReference section */

/* Begin PBXFrameworksBuildPhase section */
		3D08DA501A8580270064C60E /* Frameworks */ = {
			isa = PBXFrameworksBuildPhase;
			buildActionMask = 2147483647;
			files = (
			);
			runOnlyForDeploymentPostprocessing = 0;
		};
		3D08DA681A8580270064C60E /* Frameworks */ = {
			isa = PBXFrameworksBuildPhase;
			buildActionMask = 2147483647;
			files = (
			);
			runOnlyForDeploymentPostprocessing = 0;
		};
/* End PBXFrameworksBuildPhase section */

/* Begin PBXGroup section */
		3D08DA4A1A8580270064C60E = {
			isa = PBXGroup;
			children = (
				3D08DA551A8580270064C60E /* Yappe */,
				3D08DA6E1A8580270064C60E /* YappeTests */,
				3D08DA541A8580270064C60E /* Products */,
				3D08DA881A85A9C00064C60E /* RSBarcodes.xcodeproj */,
			);
			sourceTree = "<group>";
		};
		3D08DA541A8580270064C60E /* Products */ = {
			isa = PBXGroup;
			children = (
				3D08DA531A8580270064C60E /* Yappe.app */,
				3D08DA6B1A8580270064C60E /* YappeTests.xctest */,
			);
			name = Products;
			sourceTree = "<group>";
		};
		3D08DA551A8580270064C60E /* Yappe */ = {
			isa = PBXGroup;
			children = (
				3D08DA581A8580270064C60E /* AppDelegate.swift */,
				3D08DA5D1A8580270064C60E /* ViewController.swift */,
				3D08DA5F1A8580270064C60E /* Main.storyboard */,
				3D08DA621A8580270064C60E /* Images.xcassets */,
				3D08DA641A8580270064C60E /* LaunchScreen.xib */,
				3D08DA5A1A8580270064C60E /* Yappe.xcdatamodeld */,
				3D08DA561A8580270064C60E /* Supporting Files */,
				3D08DA851A858D290064C60E /* ScannerController.swift */,
			);
			path = Yappe;
			sourceTree = "<group>";
		};
		3D08DA561A8580270064C60E /* Supporting Files */ = {
			isa = PBXGroup;
			children = (
				3D08DA571A8580270064C60E /* Info.plist */,
			);
			name = "Supporting Files";
			sourceTree = "<group>";
		};
		3D08DA6E1A8580270064C60E /* YappeTests */ = {
			isa = PBXGroup;
			children = (
				3D08DA711A8580270064C60E /* YappeTests.swift */,
				3D08DA6F1A8580270064C60E /* Supporting Files */,
			);
			path = YappeTests;
			sourceTree = "<group>";
		};
		3D08DA6F1A8580270064C60E /* Supporting Files */ = {
			isa = PBXGroup;
			children = (
				3D08DA701A8580270064C60E /* Info.plist */,
			);
			name = "Supporting Files";
			sourceTree = "<group>";
		};
		3D08DA891A85A9C00064C60E /* Products */ = {
			isa = PBXGroup;
			children = (
				3D08DA8D1A85A9C00064C60E /* RSBarcodes.framework */,
			);
			name = Products;
			sourceTree = "<group>";
		};
/* End PBXGroup section */

/* Begin PBXNativeTarget section */
		3D08DA521A8580270064C60E /* Yappe */ = {
			isa = PBXNativeTarget;
			buildConfigurationList = 3D08DA751A8580270064C60E /* Build configuration list for PBXNativeTarget "Yappe" */;
			buildPhases = (
				3D08DA4F1A8580270064C60E /* Sources */,
				3D08DA501A8580270064C60E /* Frameworks */,
				3D08DA511A8580270064C60E /* Resources */,
				3D08DA941A85AB370064C60E /* CopyFiles */,
			);
			buildRules = (
			);
			dependencies = (
				3D08DA921A85AAB60064C60E /* PBXTargetDependency */,
			);
			name = Yappe;
			productName = Yappe;
			productReference = 3D08DA531A8580270064C60E /* Yappe.app */;
			productType = "com.apple.product-type.application";
		};
		3D08DA6A1A8580270064C60E /* YappeTests */ = {
			isa = PBXNativeTarget;
			buildConfigurationList = 3D08DA781A8580270064C60E /* Build configuration list for PBXNativeTarget "YappeTests" */;
			buildPhases = (
				3D08DA671A8580270064C60E /* Sources */,
				3D08DA681A8580270064C60E /* Frameworks */,
				3D08DA691A8580270064C60E /* Resources */,
			);
			buildRules = (
			);
			dependencies = (
				3D08DA6D1A8580270064C60E /* PBXTargetDependency */,
			);
			name = YappeTests;
			productName = YappeTests;
			productReference = 3D08DA6B1A8580270064C60E /* YappeTests.xctest */;
			productType = "com.apple.product-type.bundle.unit-test";
		};
/* End PBXNativeTarget section */

/* Begin PBXProject section */
		3D08DA4B1A8580270064C60E /* Project object */ = {
			isa = PBXProject;
			attributes = {
				LastUpgradeCheck = 0610;
				ORGANIZATIONNAME = "Don Abney";
				TargetAttributes = {
					3D08DA521A8580270064C60E = {
						CreatedOnToolsVersion = 6.1.1;
					};
					3D08DA6A1A8580270064C60E = {
						CreatedOnToolsVersion = 6.1.1;
						TestTargetID = 3D08DA521A8580270064C60E;
					};
				};
			};
			buildConfigurationList = 3D08DA4E1A8580270064C60E /* Build configuration list for PBXProject "Yappe" */;
			compatibilityVersion = "Xcode 3.2";
			developmentRegion = English;
			hasScannedForEncodings = 0;
			knownRegions = (
				en,
				Base,
			);
			mainGroup = 3D08DA4A1A8580270064C60E;
			productRefGroup = 3D08DA541A8580270064C60E /* Products */;
			projectDirPath = "";
			projectReferences = (
				{
					ProductGroup = 3D08DA891A85A9C00064C60E /* Products */;
					ProjectRef = 3D08DA881A85A9C00064C60E /* RSBarcodes.xcodeproj */;
				},
			);
			projectRoot = "";
			targets = (
				3D08DA521A8580270064C60E /* Yappe */,
				3D08DA6A1A8580270064C60E /* YappeTests */,
			);
		};
/* End PBXProject section */

/* Begin PBXReferenceProxy section */
		3D08DA8D1A85A9C00064C60E /* RSBarcodes.framework */ = {
			isa = PBXReferenceProxy;
			fileType = wrapper.framework;
			path = RSBarcodes.framework;
			remoteRef = 3D08DA8C1A85A9C00064C60E /* PBXContainerItemProxy */;
			sourceTree = BUILT_PRODUCTS_DIR;
		};
/* End PBXReferenceProxy section */

/* Begin PBXResourcesBuildPhase section */
		3D08DA511A8580270064C60E /* Resources */ = {
			isa = PBXResourcesBuildPhase;
			buildActionMask = 2147483647;
			files = (
				3D08DA611A8580270064C60E /* Main.storyboard in Resources */,
				3D08DA661A8580270064C60E /* LaunchScreen.xib in Resources */,
				3D08DA631A8580270064C60E /* Images.xcassets in Resources */,
			);
			runOnlyForDeploymentPostprocessing = 0;
		};
		3D08DA691A8580270064C60E /* Resources */ = {
			isa = PBXResourcesBuildPhase;
			buildActionMask = 2147483647;
			files = (
			);
			runOnlyForDeploymentPostprocessing = 0;
		};
/* End PBXResourcesBuildPhase section */

/* Begin PBXSourcesBuildPhase section */
		3D08DA4F1A8580270064C60E /* Sources */ = {
			isa = PBXSourcesBuildPhase;
			buildActionMask = 2147483647;
			files = (
				3D08DA861A858D290064C60E /* ScannerController.swift in Sources */,
				3D08DA5E1A8580270064C60E /* ViewController.swift in Sources */,
				3D08DA591A8580270064C60E /* AppDelegate.swift in Sources */,
				3D08DA5C1A8580270064C60E /* Yappe.xcdatamodeld in Sources */,
			);
			runOnlyForDeploymentPostprocessing = 0;
		};
		3D08DA671A8580270064C60E /* Sources */ = {
			isa = PBXSourcesBuildPhase;
			buildActionMask = 2147483647;
			files = (
				3D08DA721A8580270064C60E /* YappeTests.swift in Sources */,
			);
			runOnlyForDeploymentPostprocessing = 0;
		};
/* End PBXSourcesBuildPhase section */

/* Begin PBXTargetDependency section */
		3D08DA6D1A8580270064C60E /* PBXTargetDependency */ = {
			isa = PBXTargetDependency;
			target = 3D08DA521A8580270064C60E /* Yappe */;
			targetProxy = 3D08DA6C1A8580270064C60E /* PBXContainerItemProxy */;
		};
		3D08DA921A85AAB60064C60E /* PBXTargetDependency */ = {
			isa = PBXTargetDependency;
			name = RSBarcodes;
			targetProxy = 3D08DA911A85AAB60064C60E /* PBXContainerItemProxy */;
		};
/* End PBXTargetDependency section */

/* Begin PBXVariantGroup section */
		3D08DA5F1A8580270064C60E /* Main.storyboard */ = {
			isa = PBXVariantGroup;
			children = (
				3D08DA601A8580270064C60E /* Base */,
			);
			name = Main.storyboard;
			sourceTree = "<group>";
		};
		3D08DA641A8580270064C60E /* LaunchScreen.xib */ = {
			isa = PBXVariantGroup;
			children = (
				3D08DA651A8580270064C60E /* Base */,
			);
			name = LaunchScreen.xib;
			sourceTree = "<group>";
		};
/* End PBXVariantGroup section */

/* Begin XCBuildConfiguration section */
		3D08DA731A8580270064C60E /* Debug */ = {
			isa = XCBuildConfiguration;
			buildSettings = {
				ALWAYS_SEARCH_USER_PATHS = NO;
				CLANG_CXX_LANGUAGE_STANDARD = "gnu++0x";
				CLANG_CXX_LIBRARY = "libc++";
				CLANG_ENABLE_MODULES = YES;
				CLANG_ENABLE_OBJC_ARC = YES;
				CLANG_WARN_BOOL_CONVERSION = YES;
				CLANG_WARN_CONSTANT_CONVERSION = YES;
				CLANG_WARN_DIRECT_OBJC_ISA_USAGE = YES_ERROR;
				CLANG_WARN_EMPTY_BODY = YES;
				CLANG_WARN_ENUM_CONVERSION = YES;
				CLANG_WARN_INT_CONVERSION = YES;
				CLANG_WARN_OBJC_ROOT_CLASS = YES_ERROR;
				CLANG_WARN_UNREACHABLE_CODE = YES;
				CLANG_WARN__DUPLICATE_METHOD_MATCH = YES;
				"CODE_SIGN_IDENTITY[sdk=iphoneos*]" = "iPhone Developer";
				COPY_PHASE_STRIP = NO;
				ENABLE_STRICT_OBJC_MSGSEND = YES;
				GCC_C_LANGUAGE_STANDARD = gnu99;
				GCC_DYNAMIC_NO_PIC = NO;
				GCC_OPTIMIZATION_LEVEL = 0;
				GCC_PREPROCESSOR_DEFINITIONS = (
					"DEBUG=1",
					"$(inherited)",
				);
				GCC_SYMBOLS_PRIVATE_EXTERN = NO;
				GCC_WARN_64_TO_32_BIT_CONVERSION = YES;
				GCC_WARN_ABOUT_RETURN_TYPE = YES_ERROR;
				GCC_WARN_UNDECLARED_SELECTOR = YES;
				GCC_WARN_UNINITIALIZED_AUTOS = YES_AGGRESSIVE;
				GCC_WARN_UNUSED_FUNCTION = YES;
				GCC_WARN_UNUSED_VARIABLE = YES;
				IPHONEOS_DEPLOYMENT_TARGET = 8.1;
				MTL_ENABLE_DEBUG_INFO = YES;
				ONLY_ACTIVE_ARCH = YES;
				SDKROOT = iphoneos;
				SWIFT_OPTIMIZATION_LEVEL = "-Onone";
				TARGETED_DEVICE_FAMILY = "1,2";
			};
			name = Debug;
		};
		3D08DA741A8580270064C60E /* Release */ = {
			isa = XCBuildConfiguration;
			buildSettings = {
				ALWAYS_SEARCH_USER_PATHS = NO;
				CLANG_CXX_LANGUAGE_STANDARD = "gnu++0x";
				CLANG_CXX_LIBRARY = "libc++";
				CLANG_ENABLE_MODULES = YES;
				CLANG_ENABLE_OBJC_ARC = YES;
				CLANG_WARN_BOOL_CONVERSION = YES;
				CLANG_WARN_CONSTANT_CONVERSION = YES;
				CLANG_WARN_DIRECT_OBJC_ISA_USAGE = YES_ERROR;
				CLANG_WARN_EMPTY_BODY = YES;
				CLANG_WARN_ENUM_CONVERSION = YES;
				CLANG_WARN_INT_CONVERSION = YES;
				CLANG_WARN_OBJC_ROOT_CLASS = YES_ERROR;
				CLANG_WARN_UNREACHABLE_CODE = YES;
				CLANG_WARN__DUPLICATE_METHOD_MATCH = YES;
				"CODE_SIGN_IDENTITY[sdk=iphoneos*]" = "iPhone Developer";
				COPY_PHASE_STRIP = YES;
				ENABLE_NS_ASSERTIONS = NO;
				ENABLE_STRICT_OBJC_MSGSEND = YES;
				GCC_C_LANGUAGE_STANDARD = gnu99;
				GCC_WARN_64_TO_32_BIT_CONVERSION = YES;
				GCC_WARN_ABOUT_RETURN_TYPE = YES_ERROR;
				GCC_WARN_UNDECLARED_SELECTOR = YES;
				GCC_WARN_UNINITIALIZED_AUTOS = YES_AGGRESSIVE;
				GCC_WARN_UNUSED_FUNCTION = YES;
				GCC_WARN_UNUSED_VARIABLE = YES;
				IPHONEOS_DEPLOYMENT_TARGET = 8.1;
				MTL_ENABLE_DEBUG_INFO = NO;
				SDKROOT = iphoneos;
				TARGETED_DEVICE_FAMILY = "1,2";
				VALIDATE_PRODUCT = YES;
			};
			name = Release;
		};
		3D08DA761A8580270064C60E /* Debug */ = {
			isa = XCBuildConfiguration;
			buildSettings = {
				ASSETCATALOG_COMPILER_APPICON_NAME = AppIcon;
				INFOPLIST_FILE = Yappe/Info.plist;
				LD_RUNPATH_SEARCH_PATHS = "$(inherited) @executable_path/Frameworks";
				PRODUCT_NAME = "$(TARGET_NAME)";
			};
			name = Debug;
		};
		3D08DA771A8580270064C60E /* Release */ = {
			isa = XCBuildConfiguration;
			buildSettings = {
				ASSETCATALOG_COMPILER_APPICON_NAME = AppIcon;
				INFOPLIST_FILE = Yappe/Info.plist;
				LD_RUNPATH_SEARCH_PATHS = "$(inherited) @executable_path/Frameworks";
				PRODUCT_NAME = "$(TARGET_NAME)";
			};
			name = Release;
		};
		3D08DA791A8580270064C60E /* Debug */ = {
			isa = XCBuildConfiguration;
			buildSettings = {
				BUNDLE_LOADER = "$(TEST_HOST)";
				FRAMEWORK_SEARCH_PATHS = (
					"$(SDKROOT)/Developer/Library/Frameworks",
					"$(inherited)",
				);
				GCC_PREPROCESSOR_DEFINITIONS = (
					"DEBUG=1",
					"$(inherited)",
				);
				INFOPLIST_FILE = YappeTests/Info.plist;
				LD_RUNPATH_SEARCH_PATHS = "$(inherited) @executable_path/Frameworks @loader_path/Frameworks";
				PRODUCT_NAME = "$(TARGET_NAME)";
				TEST_HOST = "$(BUILT_PRODUCTS_DIR)/Yappe.app/Yappe";
			};
			name = Debug;
		};
		3D08DA7A1A8580270064C60E /* Release */ = {
			isa = XCBuildConfiguration;
			buildSettings = {
				BUNDLE_LOADER = "$(TEST_HOST)";
				FRAMEWORK_SEARCH_PATHS = (
					"$(SDKROOT)/Developer/Library/Frameworks",
					"$(inherited)",
				);
				INFOPLIST_FILE = YappeTests/Info.plist;
				LD_RUNPATH_SEARCH_PATHS = "$(inherited) @executable_path/Frameworks @loader_path/Frameworks";
				PRODUCT_NAME = "$(TARGET_NAME)";
				TEST_HOST = "$(BUILT_PRODUCTS_DIR)/Yappe.app/Yappe";
			};
			name = Release;
		};
/* End XCBuildConfiguration section */

/* Begin XCConfigurationList section */
		3D08DA4E1A8580270064C60E /* Build configuration list for PBXProject "Yappe" */ = {
			isa = XCConfigurationList;
			buildConfigurations = (
				3D08DA731A8580270064C60E /* Debug */,
				3D08DA741A8580270064C60E /* Release */,
			);
			defaultConfigurationIsVisible = 0;
			defaultConfigurationName = Release;
		};
		3D08DA751A8580270064C60E /* Build configuration list for PBXNativeTarget "Yappe" */ = {
			isa = XCConfigurationList;
			buildConfigurations = (
				3D08DA761A8580270064C60E /* Debug */,
				3D08DA771A8580270064C60E /* Release */,
			);
			defaultConfigurationIsVisible = 0;
		};
		3D08DA781A8580270064C60E /* Build configuration list for PBXNativeTarget "YappeTests" */ = {
			isa = XCConfigurationList;
			buildConfigurations = (
				3D08DA791A8580270064C60E /* Debug */,
				3D08DA7A1A8580270064C60E /* Release */,
			);
			defaultConfigurationIsVisible = 0;
		};
/* End XCConfigurationList section */

/* Begin XCVersionGroup section */
		3D08DA5A1A8580270064C60E /* Yappe.xcdatamodeld */ = {
			isa = XCVersionGroup;
			children = (
				3D08DA5B1A8580270064C60E /* Yappe.xcdatamodel */,
			);
			currentVersion = 3D08DA5B1A8580270064C60E /* Yappe.xcdatamodel */;
			path = Yappe.xcdatamodeld;
			sourceTree = "<group>";
			versionGroupType = wrapper.xcdatamodel;
		};
/* End XCVersionGroup section */
	};
	rootObject = 3D08DA4B1A8580270064C60E /* Project object */;
}
