// !$*UTF8*$!
{
	archiveVersion = 1;
	classes = {
	};
	objectVersion = 46;
	objects = {

/* Begin PBXBuildFile section */
		3DA962141A85745E009CE862 /* AppDelegate.swift in Sources */ = {isa = PBXBuildFile; fileRef = 3DA962131A85745E009CE862 /* AppDelegate.swift */; };
		3DA962161A85745E009CE862 /* RootViewController.swift in Sources */ = {isa = PBXBuildFile; fileRef = 3DA962151A85745E009CE862 /* RootViewController.swift */; };
		3DA962181A85745E009CE862 /* DataViewController.swift in Sources */ = {isa = PBXBuildFile; fileRef = 3DA962171A85745E009CE862 /* DataViewController.swift */; };
		3DA9621A1A85745E009CE862 /* ModelController.swift in Sources */ = {isa = PBXBuildFile; fileRef = 3DA962191A85745E009CE862 /* ModelController.swift */; };
		3DA9621D1A85745E009CE862 /* Main.storyboard in Resources */ = {isa = PBXBuildFile; fileRef = 3DA9621B1A85745E009CE862 /* Main.storyboard */; };
		3DA9621F1A85745E009CE862 /* Images.xcassets in Resources */ = {isa = PBXBuildFile; fileRef = 3DA9621E1A85745E009CE862 /* Images.xcassets */; };
		3DA962221A85745E009CE862 /* LaunchScreen.xib in Resources */ = {isa = PBXBuildFile; fileRef = 3DA962201A85745E009CE862 /* LaunchScreen.xib */; };
		3DA9622E1A85745F009CE862 /* YappeTests.swift in Sources */ = {isa = PBXBuildFile; fileRef = 3DA9622D1A85745F009CE862 /* YappeTests.swift */; };
/* End PBXBuildFile section */

/* Begin PBXContainerItemProxy section */
		3DA962281A85745F009CE862 /* PBXContainerItemProxy */ = {
			isa = PBXContainerItemProxy;
			containerPortal = 3DA962061A85745E009CE862 /* Project object */;
			proxyType = 1;
			remoteGlobalIDString = 3DA9620D1A85745E009CE862;
			remoteInfo = Yappe;
		};
/* End PBXContainerItemProxy section */

/* Begin PBXFileReference section */
		3DA9620E1A85745E009CE862 /* Yappe.app */ = {isa = PBXFileReference; explicitFileType = wrapper.application; includeInIndex = 0; path = Yappe.app; sourceTree = BUILT_PRODUCTS_DIR; };
		3DA962121A85745E009CE862 /* Info.plist */ = {isa = PBXFileReference; lastKnownFileType = text.plist.xml; path = Info.plist; sourceTree = "<group>"; };
		3DA962131A85745E009CE862 /* AppDelegate.swift */ = {isa = PBXFileReference; lastKnownFileType = sourcecode.swift; path = AppDelegate.swift; sourceTree = "<group>"; };
		3DA962151A85745E009CE862 /* RootViewController.swift */ = {isa = PBXFileReference; lastKnownFileType = sourcecode.swift; path = RootViewController.swift; sourceTree = "<group>"; };
		3DA962171A85745E009CE862 /* DataViewController.swift */ = {isa = PBXFileReference; lastKnownFileType = sourcecode.swift; path = DataViewController.swift; sourceTree = "<group>"; };
		3DA962191A85745E009CE862 /* ModelController.swift */ = {isa = PBXFileReference; lastKnownFileType = sourcecode.swift; path = ModelController.swift; sourceTree = "<group>"; };
		3DA9621C1A85745E009CE862 /* Base */ = {isa = PBXFileReference; lastKnownFileType = file.storyboard; name = Base; path = Base.lproj/Main.storyboard; sourceTree = "<group>"; };
		3DA9621E1A85745E009CE862 /* Images.xcassets */ = {isa = PBXFileReference; lastKnownFileType = folder.assetcatalog; path = Images.xcassets; sourceTree = "<group>"; };
		3DA962211A85745E009CE862 /* Base */ = {isa = PBXFileReference; lastKnownFileType = file.xib; name = Base; path = Base.lproj/LaunchScreen.xib; sourceTree = "<group>"; };
		3DA962271A85745F009CE862 /* YappeTests.xctest */ = {isa = PBXFileReference; explicitFileType = wrapper.cfbundle; includeInIndex = 0; path = YappeTests.xctest; sourceTree = BUILT_PRODUCTS_DIR; };
		3DA9622C1A85745F009CE862 /* Info.plist */ = {isa = PBXFileReference; lastKnownFileType = text.plist.xml; path = Info.plist; sourceTree = "<group>"; };
		3DA9622D1A85745F009CE862 /* YappeTests.swift */ = {isa = PBXFileReference; lastKnownFileType = sourcecode.swift; path = YappeTests.swift; sourceTree = "<group>"; };
/* End PBXFileReference section */

/* Begin PBXFrameworksBuildPhase section */
		3DA9620B1A85745E009CE862 /* Frameworks */ = {
			isa = PBXFrameworksBuildPhase;
			buildActionMask = 2147483647;
			files = (
			);
			runOnlyForDeploymentPostprocessing = 0;
		};
		3DA962241A85745F009CE862 /* Frameworks */ = {
			isa = PBXFrameworksBuildPhase;
			buildActionMask = 2147483647;
			files = (
			);
			runOnlyForDeploymentPostprocessing = 0;
		};
/* End PBXFrameworksBuildPhase section */

/* Begin PBXGroup section */
		3DA962051A85745E009CE862 = {
			isa = PBXGroup;
			children = (
				3DA962101A85745E009CE862 /* Yappe */,
				3DA9622A1A85745F009CE862 /* YappeTests */,
				3DA9620F1A85745E009CE862 /* Products */,
			);
			sourceTree = "<group>";
		};
		3DA9620F1A85745E009CE862 /* Products */ = {
			isa = PBXGroup;
			children = (
				3DA9620E1A85745E009CE862 /* Yappe.app */,
				3DA962271A85745F009CE862 /* YappeTests.xctest */,
			);
			name = Products;
			sourceTree = "<group>";
		};
		3DA962101A85745E009CE862 /* Yappe */ = {
			isa = PBXGroup;
			children = (
				3DA962131A85745E009CE862 /* AppDelegate.swift */,
				3DA962151A85745E009CE862 /* RootViewController.swift */,
				3DA962171A85745E009CE862 /* DataViewController.swift */,
				3DA962191A85745E009CE862 /* ModelController.swift */,
				3DA9621B1A85745E009CE862 /* Main.storyboard */,
				3DA9621E1A85745E009CE862 /* Images.xcassets */,
				3DA962201A85745E009CE862 /* LaunchScreen.xib */,
				3DA962111A85745E009CE862 /* Supporting Files */,
			);
			path = Yappe;
			sourceTree = "<group>";
		};
		3DA962111A85745E009CE862 /* Supporting Files */ = {
			isa = PBXGroup;
			children = (
				3DA962121A85745E009CE862 /* Info.plist */,
			);
			name = "Supporting Files";
			sourceTree = "<group>";
		};
		3DA9622A1A85745F009CE862 /* YappeTests */ = {
			isa = PBXGroup;
			children = (
				3DA9622D1A85745F009CE862 /* YappeTests.swift */,
				3DA9622B1A85745F009CE862 /* Supporting Files */,
			);
			path = YappeTests;
			sourceTree = "<group>";
		};
		3DA9622B1A85745F009CE862 /* Supporting Files */ = {
			isa = PBXGroup;
			children = (
				3DA9622C1A85745F009CE862 /* Info.plist */,
			);
			name = "Supporting Files";
			sourceTree = "<group>";
		};
/* End PBXGroup section */

/* Begin PBXNativeTarget section */
		3DA9620D1A85745E009CE862 /* Yappe */ = {
			isa = PBXNativeTarget;
			buildConfigurationList = 3DA962311A85745F009CE862 /* Build configuration list for PBXNativeTarget "Yappe" */;
			buildPhases = (
				3DA9620A1A85745E009CE862 /* Sources */,
				3DA9620B1A85745E009CE862 /* Frameworks */,
				3DA9620C1A85745E009CE862 /* Resources */,
			);
			buildRules = (
			);
			dependencies = (
			);
			name = Yappe;
			productName = Yappe;
			productReference = 3DA9620E1A85745E009CE862 /* Yappe.app */;
			productType = "com.apple.product-type.application";
		};
		3DA962261A85745F009CE862 /* YappeTests */ = {
			isa = PBXNativeTarget;
			buildConfigurationList = 3DA962341A85745F009CE862 /* Build configuration list for PBXNativeTarget "YappeTests" */;
			buildPhases = (
				3DA962231A85745F009CE862 /* Sources */,
				3DA962241A85745F009CE862 /* Frameworks */,
				3DA962251A85745F009CE862 /* Resources */,
			);
			buildRules = (
			);
			dependencies = (
				3DA962291A85745F009CE862 /* PBXTargetDependency */,
			);
			name = YappeTests;
			productName = YappeTests;
			productReference = 3DA962271A85745F009CE862 /* YappeTests.xctest */;
			productType = "com.apple.product-type.bundle.unit-test";
		};
/* End PBXNativeTarget section */

/* Begin PBXProject section */
		3DA962061A85745E009CE862 /* Project object */ = {
			isa = PBXProject;
			attributes = {
				LastUpgradeCheck = 0610;
				ORGANIZATIONNAME = "Don Abney";
				TargetAttributes = {
					3DA9620D1A85745E009CE862 = {
						CreatedOnToolsVersion = 6.1.1;
					};
					3DA962261A85745F009CE862 = {
						CreatedOnToolsVersion = 6.1.1;
						TestTargetID = 3DA9620D1A85745E009CE862;
					};
				};
			};
			buildConfigurationList = 3DA962091A85745E009CE862 /* Build configuration list for PBXProject "Yappe" */;
			compatibilityVersion = "Xcode 3.2";
			developmentRegion = English;
			hasScannedForEncodings = 0;
			knownRegions = (
				en,
				Base,
			);
			mainGroup = 3DA962051A85745E009CE862;
			productRefGroup = 3DA9620F1A85745E009CE862 /* Products */;
			projectDirPath = "";
			projectRoot = "";
			targets = (
				3DA9620D1A85745E009CE862 /* Yappe */,
				3DA962261A85745F009CE862 /* YappeTests */,
			);
		};
/* End PBXProject section */

/* Begin PBXResourcesBuildPhase section */
		3DA9620C1A85745E009CE862 /* Resources */ = {
			isa = PBXResourcesBuildPhase;
			buildActionMask = 2147483647;
			files = (
				3DA9621D1A85745E009CE862 /* Main.storyboard in Resources */,
				3DA962221A85745E009CE862 /* LaunchScreen.xib in Resources */,
				3DA9621F1A85745E009CE862 /* Images.xcassets in Resources */,
			);
			runOnlyForDeploymentPostprocessing = 0;
		};
		3DA962251A85745F009CE862 /* Resources */ = {
			isa = PBXResourcesBuildPhase;
			buildActionMask = 2147483647;
			files = (
			);
			runOnlyForDeploymentPostprocessing = 0;
		};
/* End PBXResourcesBuildPhase section */

/* Begin PBXSourcesBuildPhase section */
		3DA9620A1A85745E009CE862 /* Sources */ = {
			isa = PBXSourcesBuildPhase;
			buildActionMask = 2147483647;
			files = (
				3DA962161A85745E009CE862 /* RootViewController.swift in Sources */,
				3DA9621A1A85745E009CE862 /* ModelController.swift in Sources */,
				3DA962181A85745E009CE862 /* DataViewController.swift in Sources */,
				3DA962141A85745E009CE862 /* AppDelegate.swift in Sources */,
			);
			runOnlyForDeploymentPostprocessing = 0;
		};
		3DA962231A85745F009CE862 /* Sources */ = {
			isa = PBXSourcesBuildPhase;
			buildActionMask = 2147483647;
			files = (
				3DA9622E1A85745F009CE862 /* YappeTests.swift in Sources */,
			);
			runOnlyForDeploymentPostprocessing = 0;
		};
/* End PBXSourcesBuildPhase section */

/* Begin PBXTargetDependency section */
		3DA962291A85745F009CE862 /* PBXTargetDependency */ = {
			isa = PBXTargetDependency;
			target = 3DA9620D1A85745E009CE862 /* Yappe */;
			targetProxy = 3DA962281A85745F009CE862 /* PBXContainerItemProxy */;
		};
/* End PBXTargetDependency section */

/* Begin PBXVariantGroup section */
		3DA9621B1A85745E009CE862 /* Main.storyboard */ = {
			isa = PBXVariantGroup;
			children = (
				3DA9621C1A85745E009CE862 /* Base */,
			);
			name = Main.storyboard;
			sourceTree = "<group>";
		};
		3DA962201A85745E009CE862 /* LaunchScreen.xib */ = {
			isa = PBXVariantGroup;
			children = (
				3DA962211A85745E009CE862 /* Base */,
			);
			name = LaunchScreen.xib;
			sourceTree = "<group>";
		};
/* End PBXVariantGroup section */

/* Begin XCBuildConfiguration section */
		3DA9622F1A85745F009CE862 /* Debug */ = {
			isa = XCBuildConfiguration;
			buildSettings = {
				ALWAYS_SEARCH_USER_PATHS = NO;
				CLANG_CXX_LANGUAGE_STANDARD = "gnu++0x";
				CLANG_CXX_LIBRARY = "libc++";
				CLANG_ENABLE_MODULES = YES;
				CLANG_ENABLE_OBJC_ARC = YES;
				CLANG_WARN_BOOL_CONVERSION = YES;
				CLANG_WARN_CONSTANT_CONVERSION = YES;
				CLANG_WARN_DIRECT_OBJC_ISA_USAGE = YES_ERROR;
				CLANG_WARN_EMPTY_BODY = YES;
				CLANG_WARN_ENUM_CONVERSION = YES;
				CLANG_WARN_INT_CONVERSION = YES;
				CLANG_WARN_OBJC_ROOT_CLASS = YES_ERROR;
				CLANG_WARN_UNREACHABLE_CODE = YES;
				CLANG_WARN__DUPLICATE_METHOD_MATCH = YES;
				"CODE_SIGN_IDENTITY[sdk=iphoneos*]" = "iPhone Developer";
				COPY_PHASE_STRIP = NO;
				ENABLE_STRICT_OBJC_MSGSEND = YES;
				GCC_C_LANGUAGE_STANDARD = gnu99;
				GCC_DYNAMIC_NO_PIC = NO;
				GCC_OPTIMIZATION_LEVEL = 0;
				GCC_PREPROCESSOR_DEFINITIONS = (
					"DEBUG=1",
					"$(inherited)",
				);
				GCC_SYMBOLS_PRIVATE_EXTERN = NO;
				GCC_WARN_64_TO_32_BIT_CONVERSION = YES;
				GCC_WARN_ABOUT_RETURN_TYPE = YES_ERROR;
				GCC_WARN_UNDECLARED_SELECTOR = YES;
				GCC_WARN_UNINITIALIZED_AUTOS = YES_AGGRESSIVE;
				GCC_WARN_UNUSED_FUNCTION = YES;
				GCC_WARN_UNUSED_VARIABLE = YES;
				IPHONEOS_DEPLOYMENT_TARGET = 8.1;
				MTL_ENABLE_DEBUG_INFO = YES;
				ONLY_ACTIVE_ARCH = YES;
				SDKROOT = iphoneos;
				SWIFT_OPTIMIZATION_LEVEL = "-Onone";
				TARGETED_DEVICE_FAMILY = "1,2";
			};
			name = Debug;
		};
		3DA962301A85745F009CE862 /* Release */ = {
			isa = XCBuildConfiguration;
			buildSettings = {
				ALWAYS_SEARCH_USER_PATHS = NO;
				CLANG_CXX_LANGUAGE_STANDARD = "gnu++0x";
				CLANG_CXX_LIBRARY = "libc++";
				CLANG_ENABLE_MODULES = YES;
				CLANG_ENABLE_OBJC_ARC = YES;
				CLANG_WARN_BOOL_CONVERSION = YES;
				CLANG_WARN_CONSTANT_CONVERSION = YES;
				CLANG_WARN_DIRECT_OBJC_ISA_USAGE = YES_ERROR;
				CLANG_WARN_EMPTY_BODY = YES;
				CLANG_WARN_ENUM_CONVERSION = YES;
				CLANG_WARN_INT_CONVERSION = YES;
				CLANG_WARN_OBJC_ROOT_CLASS = YES_ERROR;
				CLANG_WARN_UNREACHABLE_CODE = YES;
				CLANG_WARN__DUPLICATE_METHOD_MATCH = YES;
				"CODE_SIGN_IDENTITY[sdk=iphoneos*]" = "iPhone Developer";
				COPY_PHASE_STRIP = YES;
				ENABLE_NS_ASSERTIONS = NO;
				ENABLE_STRICT_OBJC_MSGSEND = YES;
				GCC_C_LANGUAGE_STANDARD = gnu99;
				GCC_WARN_64_TO_32_BIT_CONVERSION = YES;
				GCC_WARN_ABOUT_RETURN_TYPE = YES_ERROR;
				GCC_WARN_UNDECLARED_SELECTOR = YES;
				GCC_WARN_UNINITIALIZED_AUTOS = YES_AGGRESSIVE;
				GCC_WARN_UNUSED_FUNCTION = YES;
				GCC_WARN_UNUSED_VARIABLE = YES;
				IPHONEOS_DEPLOYMENT_TARGET = 8.1;
				MTL_ENABLE_DEBUG_INFO = NO;
				SDKROOT = iphoneos;
				TARGETED_DEVICE_FAMILY = "1,2";
				VALIDATE_PRODUCT = YES;
			};
			name = Release;
		};
		3DA962321A85745F009CE862 /* Debug */ = {
			isa = XCBuildConfiguration;
			buildSettings = {
				ASSETCATALOG_COMPILER_APPICON_NAME = AppIcon;
				INFOPLIST_FILE = Yappe/Info.plist;
				LD_RUNPATH_SEARCH_PATHS = "$(inherited) @executable_path/Frameworks";
				PRODUCT_NAME = "$(TARGET_NAME)";
			};
			name = Debug;
		};
		3DA962331A85745F009CE862 /* Release */ = {
			isa = XCBuildConfiguration;
			buildSettings = {
				ASSETCATALOG_COMPILER_APPICON_NAME = AppIcon;
				INFOPLIST_FILE = Yappe/Info.plist;
				LD_RUNPATH_SEARCH_PATHS = "$(inherited) @executable_path/Frameworks";
				PRODUCT_NAME = "$(TARGET_NAME)";
			};
			name = Release;
		};
		3DA962351A85745F009CE862 /* Debug */ = {
			isa = XCBuildConfiguration;
			buildSettings = {
				BUNDLE_LOADER = "$(TEST_HOST)";
				FRAMEWORK_SEARCH_PATHS = (
					"$(SDKROOT)/Developer/Library/Frameworks",
					"$(inherited)",
				);
				GCC_PREPROCESSOR_DEFINITIONS = (
					"DEBUG=1",
					"$(inherited)",
				);
				INFOPLIST_FILE = YappeTests/Info.plist;
				LD_RUNPATH_SEARCH_PATHS = "$(inherited) @executable_path/Frameworks @loader_path/Frameworks";
				PRODUCT_NAME = "$(TARGET_NAME)";
				TEST_HOST = "$(BUILT_PRODUCTS_DIR)/Yappe.app/Yappe";
			};
			name = Debug;
		};
		3DA962361A85745F009CE862 /* Release */ = {
			isa = XCBuildConfiguration;
			buildSettings = {
				BUNDLE_LOADER = "$(TEST_HOST)";
				FRAMEWORK_SEARCH_PATHS = (
					"$(SDKROOT)/Developer/Library/Frameworks",
					"$(inherited)",
				);
				INFOPLIST_FILE = YappeTests/Info.plist;
				LD_RUNPATH_SEARCH_PATHS = "$(inherited) @executable_path/Frameworks @loader_path/Frameworks";
				PRODUCT_NAME = "$(TARGET_NAME)";
				TEST_HOST = "$(BUILT_PRODUCTS_DIR)/Yappe.app/Yappe";
			};
			name = Release;
		};
/* End XCBuildConfiguration section */

/* Begin XCConfigurationList section */
		3DA962091A85745E009CE862 /* Build configuration list for PBXProject "Yappe" */ = {
			isa = XCConfigurationList;
			buildConfigurations = (
				3DA9622F1A85745F009CE862 /* Debug */,
				3DA962301A85745F009CE862 /* Release */,
			);
			defaultConfigurationIsVisible = 0;
			defaultConfigurationName = Release;
		};
		3DA962311A85745F009CE862 /* Build configuration list for PBXNativeTarget "Yappe" */ = {
			isa = XCConfigurationList;
			buildConfigurations = (
				3DA962321A85745F009CE862 /* Debug */,
				3DA962331A85745F009CE862 /* Release */,
			);
			defaultConfigurationIsVisible = 0;
		};
		3DA962341A85745F009CE862 /* Build configuration list for PBXNativeTarget "YappeTests" */ = {
			isa = XCConfigurationList;
			buildConfigurations = (
				3DA962351A85745F009CE862 /* Debug */,
				3DA962361A85745F009CE862 /* Release */,
			);
			defaultConfigurationIsVisible = 0;
		};
/* End XCConfigurationList section */
	};
	rootObject = 3DA962061A85745E009CE862 /* Project object */;
}
